
Microsoft Visual Studio Solution File, Format Version 12.00
# Visual Studio Version 17
VisualStudioVersion = 17.10.35122.118
MinimumVisualStudioVersion = 10.0.40219.1
Project("{FAE04EC0-301F-11D3-BF4B-00C04F79EFBC}") = "OnlineFoodOrderingSystem", "OnlineFoodOrderingSystem\OnlineFoodOrderingSystem.csproj", "{EAF44BE1-EB6E-4DE1-8B72-3C1C78AA42CA}"
EndProject
Global
	GlobalSection(SolutionConfigurationPlatforms) = preSolution
		Debug|Any CPU = Debug|Any CPU
		Release|Any CPU = Release|Any CPU
	EndGlobalSection
	GlobalSection(ProjectConfigurationPlatforms) = postSolution
		{EAF44BE1-EB6E-4DE1-8B72-3C1C78AA42CA}.Debug|Any CPU.ActiveCfg = Debug|Any CPU
		{EAF44BE1-EB6E-4DE1-8B72-3C1C78AA42CA}.Debug|Any CPU.Build.0 = Debug|Any CPU
		{EAF44BE1-EB6E-4DE1-8B72-3C1C78AA42CA}.Release|Any CPU.ActiveCfg = Release|Any CPU
		{EAF44BE1-EB6E-4DE1-8B72-3C1C78AA42CA}.Release|Any CPU.Build.0 = Release|Any CPU
	EndGlobalSection
	GlobalSection(SolutionProperties) = preSolution
		HideSolutionNode = FALSE
	EndGlobalSection
	GlobalSection(ExtensibilityGlobals) = postSolution
		SolutionGuid = {E38C26BD-3761-4EBF-BC20-86647EAA7C26}
	EndGlobalSection
EndGlobal
